
Microsoft Visual Studio Solution File, Format Version 12.00
# Visual Studio Version 18
VisualStudioVersion = 18.0.11109.219
MinimumVisualStudioVersion = 10.0.40219.1
Project("{2150E333-8FDC-42A3-9474-1A3956D46DE8}") = "Database Programmering", "Database Programmering", "{02EA681E-C7D8-13C7-8484-4AC65E1B71E8}"
EndProject
Project("{FAE04EC0-301F-11D3-BF4B-00C04F79EFBC}") = "ProjectManager", "DatabaseProgrammering\ProjectManager\ProjectManager.csproj", "{CA638608-1F01-4658-B7F4-974D88C3B238}"
EndProject
Project("{2150E333-8FDC-42A3-9474-1A3956D46DE8}") = "Solution Items", "Solution Items", "{BA0C9B49-9234-494C-B379-2489ABE68F1D}"
	ProjectSection(SolutionItems) = preProject
		.editorconfig = .editorconfig
	EndProjectSection
EndProject
Project("{FAE04EC0-301F-11D3-BF4B-00C04F79EFBC}") = "OwnORM", "DatabaseProgrammering\OwnORM\OwnORM.csproj", "{292B8451-4C1F-46AE-B83B-BA048D5724F7}"
EndProject
Project("{FAE04EC0-301F-11D3-BF4B-00C04F79EFBC}") = "OwnORMForm", "OwnORMForm\OwnORMForm.csproj", "{5E9A8100-86D1-400E-B94F-4F7B7595DD2B}"
EndProject
Project("{2150E333-8FDC-42A3-9474-1A3956D46DE8}") = "Server Side", "Server Side", "{8D3DB13A-3925-4582-990F-B0CDDDACDBEA}"
EndProject
Project("{2150E333-8FDC-42A3-9474-1A3956D46DE8}") = "First WebAPI's", "First WebAPI's", "{53458ABB-DAD0-4E38-93B7-FDB5E5EBA5EC}"
EndProject
Project("{FAE04EC0-301F-11D3-BF4B-00C04F79EFBC}") = "WebApiMinimum", "WebAPIs\FirstWebAPIs\WebApiMinimum\WebApiMinimum.csproj", "{70871BA7-E674-454C-A566-176C688AE484}"
EndProject
Project("{2150E333-8FDC-42A3-9474-1A3956D46DE8}") = "Second WebAPI", "Second WebAPI", "{039409C3-5056-468E-AE73-0D7A20BD4FF8}"
EndProject
Project("{FAE04EC0-301F-11D3-BF4B-00C04F79EFBC}") = "SecondWebAPI", "WebAPIs\SecondWebAPI\SecondWebAPI.csproj", "{B24A9D01-FFCF-4962-9409-397F77DB0E74}"
EndProject
Project("{2150E333-8FDC-42A3-9474-1A3956D46DE8}") = "Third WebAPI", "Third WebAPI", "{EAC9F41E-56B4-4F16-9F08-2A832B12F4C2}"
EndProject
Project("{FAE04EC0-301F-11D3-BF4B-00C04F79EFBC}") = "ThirdWebApi", "WebAPIs\ThirdWebApi\ThirdWebApi.csproj", "{88C42BAC-F8FE-4F74-8A19-FBFB30485CF0}"
EndProject
Project("{2150E333-8FDC-42A3-9474-1A3956D46DE8}") = "WebAPI GUI", "WebAPI GUI", "{4BE235D9-211B-46C3-9D4F-56B0848ECEC5}"
EndProject
Project("{FAE04EC0-301F-11D3-BF4B-00C04F79EFBC}") = "GUIWebAPI", "GUIWebAPI\GUIWebAPI.csproj", "{98AE4DA8-4B3C-4CB2-A581-C2A1EFC2DF72}"
EndProject
Project("{2150E333-8FDC-42A3-9474-1A3956D46DE8}") = "GUI Programmering", "GUI Programmering", "{3C4B02AA-03F7-48AC-A24C-6DE90B663F2A}"
EndProject
Project("{54A90642-561A-4BB1-A94E-469ADEE60C69}") = "firstreact", "GUIProgrammering\FirstReact\firstreact.esproj", "{41D3DB02-F071-E80E-B9CB-37C5F122FF3D}"
EndProject
Project("{2150E333-8FDC-42A3-9474-1A3956D46DE8}") = "WebAPI Opgave", "WebAPI Opgave", "{EDD0B792-EBC2-4DA5-9856-5E8C8212DC4E}"
EndProject
Project("{FAE04EC0-301F-11D3-BF4B-00C04F79EFBC}") = "GudumholmIF", "WebAPIs\GudumholmIF\GudumholmIF.csproj", "{AD9FA3F6-24DB-4182-ACA2-87B93523A987}"
EndProject
Project("{54A90642-561A-4BB1-A94E-469ADEE60C69}") = "firstvue", "GUIProgrammering\firstvue\firstvue.esproj", "{C928F5B2-4326-4A28-CD07-4D08747BFF39}"
EndProject
Project("{54A90642-561A-4BB1-A94E-469ADEE60C69}") = "reactexercise", "GUIProgrammering\ReactExercise\reactexercise.esproj", "{74908196-F816-E996-BF35-43B6789666FF}"
EndProject
Project("{FAE04EC0-301F-11D3-BF4B-00C04F79EFBC}") = "CouchDBTest", "DatabaseProgrammering\CouchDBTest\CouchDBTest.csproj", "{1184E0D9-165F-4775-AFEF-9675DD0F59B9}"
EndProject
Project("{54A90642-561A-4BB1-A94E-469ADEE60C69}") = "reactwebapi", "GUIProgrammering\ReactWebAPI\reactwebapi.esproj", "{3F30F8CB-7C42-C7EA-6446-CAD8CFC38198}"
EndProject
Project("{FAE04EC0-301F-11D3-BF4B-00C04F79EFBC}") = "WebAPIUnitTest", "WebAPIUnitTest\WebAPIUnitTest.csproj", "{B65176B0-AC9B-4517-8561-32A8686BA490}"
EndProject
Global
	GlobalSection(SolutionConfigurationPlatforms) = preSolution
		Debug|Any CPU = Debug|Any CPU
		Release|Any CPU = Release|Any CPU
	EndGlobalSection
	GlobalSection(ProjectConfigurationPlatforms) = postSolution
		{CA638608-1F01-4658-B7F4-974D88C3B238}.Debug|Any CPU.ActiveCfg = Debug|Any CPU
		{CA638608-1F01-4658-B7F4-974D88C3B238}.Debug|Any CPU.Build.0 = Debug|Any CPU
		{CA638608-1F01-4658-B7F4-974D88C3B238}.Release|Any CPU.ActiveCfg = Release|Any CPU
		{CA638608-1F01-4658-B7F4-974D88C3B238}.Release|Any CPU.Build.0 = Release|Any CPU
		{292B8451-4C1F-46AE-B83B-BA048D5724F7}.Debug|Any CPU.ActiveCfg = Debug|Any CPU
		{292B8451-4C1F-46AE-B83B-BA048D5724F7}.Debug|Any CPU.Build.0 = Debug|Any CPU
		{292B8451-4C1F-46AE-B83B-BA048D5724F7}.Release|Any CPU.ActiveCfg = Release|Any CPU
		{292B8451-4C1F-46AE-B83B-BA048D5724F7}.Release|Any CPU.Build.0 = Release|Any CPU
		{5E9A8100-86D1-400E-B94F-4F7B7595DD2B}.Debug|Any CPU.ActiveCfg = Debug|Any CPU
		{5E9A8100-86D1-400E-B94F-4F7B7595DD2B}.Debug|Any CPU.Build.0 = Debug|Any CPU
		{5E9A8100-86D1-400E-B94F-4F7B7595DD2B}.Release|Any CPU.ActiveCfg = Release|Any CPU
		{5E9A8100-86D1-400E-B94F-4F7B7595DD2B}.Release|Any CPU.Build.0 = Release|Any CPU
		{70871BA7-E674-454C-A566-176C688AE484}.Debug|Any CPU.ActiveCfg = Debug|Any CPU
		{70871BA7-E674-454C-A566-176C688AE484}.Debug|Any CPU.Build.0 = Debug|Any CPU
		{70871BA7-E674-454C-A566-176C688AE484}.Release|Any CPU.ActiveCfg = Release|Any CPU
		{70871BA7-E674-454C-A566-176C688AE484}.Release|Any CPU.Build.0 = Release|Any CPU
		{B24A9D01-FFCF-4962-9409-397F77DB0E74}.Debug|Any CPU.ActiveCfg = Debug|Any CPU
		{B24A9D01-FFCF-4962-9409-397F77DB0E74}.Debug|Any CPU.Build.0 = Debug|Any CPU
		{B24A9D01-FFCF-4962-9409-397F77DB0E74}.Release|Any CPU.ActiveCfg = Release|Any CPU
		{B24A9D01-FFCF-4962-9409-397F77DB0E74}.Release|Any CPU.Build.0 = Release|Any CPU
		{88C42BAC-F8FE-4F74-8A19-FBFB30485CF0}.Debug|Any CPU.ActiveCfg = Debug|Any CPU
		{88C42BAC-F8FE-4F74-8A19-FBFB30485CF0}.Debug|Any CPU.Build.0 = Debug|Any CPU
		{88C42BAC-F8FE-4F74-8A19-FBFB30485CF0}.Release|Any CPU.ActiveCfg = Release|Any CPU
		{88C42BAC-F8FE-4F74-8A19-FBFB30485CF0}.Release|Any CPU.Build.0 = Release|Any CPU
		{98AE4DA8-4B3C-4CB2-A581-C2A1EFC2DF72}.Debug|Any CPU.ActiveCfg = Debug|Any CPU
		{98AE4DA8-4B3C-4CB2-A581-C2A1EFC2DF72}.Debug|Any CPU.Build.0 = Debug|Any CPU
		{98AE4DA8-4B3C-4CB2-A581-C2A1EFC2DF72}.Release|Any CPU.ActiveCfg = Release|Any CPU
		{98AE4DA8-4B3C-4CB2-A581-C2A1EFC2DF72}.Release|Any CPU.Build.0 = Release|Any CPU
		{41D3DB02-F071-E80E-B9CB-37C5F122FF3D}.Debug|Any CPU.ActiveCfg = Debug|Any CPU
		{41D3DB02-F071-E80E-B9CB-37C5F122FF3D}.Debug|Any CPU.Build.0 = Debug|Any CPU
		{41D3DB02-F071-E80E-B9CB-37C5F122FF3D}.Debug|Any CPU.Deploy.0 = Debug|Any CPU
		{41D3DB02-F071-E80E-B9CB-37C5F122FF3D}.Release|Any CPU.ActiveCfg = Release|Any CPU
		{41D3DB02-F071-E80E-B9CB-37C5F122FF3D}.Release|Any CPU.Build.0 = Release|Any CPU
		{41D3DB02-F071-E80E-B9CB-37C5F122FF3D}.Release|Any CPU.Deploy.0 = Release|Any CPU
		{AD9FA3F6-24DB-4182-ACA2-87B93523A987}.Debug|Any CPU.ActiveCfg = Debug|Any CPU
		{AD9FA3F6-24DB-4182-ACA2-87B93523A987}.Debug|Any CPU.Build.0 = Debug|Any CPU
		{AD9FA3F6-24DB-4182-ACA2-87B93523A987}.Release|Any CPU.ActiveCfg = Release|Any CPU
		{AD9FA3F6-24DB-4182-ACA2-87B93523A987}.Release|Any CPU.Build.0 = Release|Any CPU
		{C928F5B2-4326-4A28-CD07-4D08747BFF39}.Debug|Any CPU.ActiveCfg = Debug|Any CPU
		{C928F5B2-4326-4A28-CD07-4D08747BFF39}.Debug|Any CPU.Build.0 = Debug|Any CPU
		{C928F5B2-4326-4A28-CD07-4D08747BFF39}.Debug|Any CPU.Deploy.0 = Debug|Any CPU
		{C928F5B2-4326-4A28-CD07-4D08747BFF39}.Release|Any CPU.ActiveCfg = Release|Any CPU
		{C928F5B2-4326-4A28-CD07-4D08747BFF39}.Release|Any CPU.Build.0 = Release|Any CPU
		{C928F5B2-4326-4A28-CD07-4D08747BFF39}.Release|Any CPU.Deploy.0 = Release|Any CPU
		{74908196-F816-E996-BF35-43B6789666FF}.Debug|Any CPU.ActiveCfg = Debug|Any CPU
		{74908196-F816-E996-BF35-43B6789666FF}.Debug|Any CPU.Build.0 = Debug|Any CPU
		{74908196-F816-E996-BF35-43B6789666FF}.Debug|Any CPU.Deploy.0 = Debug|Any CPU
		{74908196-F816-E996-BF35-43B6789666FF}.Release|Any CPU.ActiveCfg = Release|Any CPU
		{74908196-F816-E996-BF35-43B6789666FF}.Release|Any CPU.Build.0 = Release|Any CPU
		{74908196-F816-E996-BF35-43B6789666FF}.Release|Any CPU.Deploy.0 = Release|Any CPU
		{1184E0D9-165F-4775-AFEF-9675DD0F59B9}.Debug|Any CPU.ActiveCfg = Debug|Any CPU
		{1184E0D9-165F-4775-AFEF-9675DD0F59B9}.Debug|Any CPU.Build.0 = Debug|Any CPU
		{1184E0D9-165F-4775-AFEF-9675DD0F59B9}.Release|Any CPU.ActiveCfg = Release|Any CPU
		{1184E0D9-165F-4775-AFEF-9675DD0F59B9}.Release|Any CPU.Build.0 = Release|Any CPU
		{3F30F8CB-7C42-C7EA-6446-CAD8CFC38198}.Debug|Any CPU.ActiveCfg = Debug|Any CPU
		{3F30F8CB-7C42-C7EA-6446-CAD8CFC38198}.Debug|Any CPU.Build.0 = Debug|Any CPU
		{3F30F8CB-7C42-C7EA-6446-CAD8CFC38198}.Debug|Any CPU.Deploy.0 = Debug|Any CPU
		{3F30F8CB-7C42-C7EA-6446-CAD8CFC38198}.Release|Any CPU.ActiveCfg = Release|Any CPU
		{3F30F8CB-7C42-C7EA-6446-CAD8CFC38198}.Release|Any CPU.Build.0 = Release|Any CPU
		{3F30F8CB-7C42-C7EA-6446-CAD8CFC38198}.Release|Any CPU.Deploy.0 = Release|Any CPU
		{B65176B0-AC9B-4517-8561-32A8686BA490}.Debug|Any CPU.ActiveCfg = Debug|Any CPU
		{B65176B0-AC9B-4517-8561-32A8686BA490}.Debug|Any CPU.Build.0 = Debug|Any CPU
		{B65176B0-AC9B-4517-8561-32A8686BA490}.Release|Any CPU.ActiveCfg = Release|Any CPU
		{B65176B0-AC9B-4517-8561-32A8686BA490}.Release|Any CPU.Build.0 = Release|Any CPU
	EndGlobalSection
	GlobalSection(SolutionProperties) = preSolution
		HideSolutionNode = FALSE
	EndGlobalSection
	GlobalSection(NestedProjects) = preSolution
		{CA638608-1F01-4658-B7F4-974D88C3B238} = {02EA681E-C7D8-13C7-8484-4AC65E1B71E8}
		{292B8451-4C1F-46AE-B83B-BA048D5724F7} = {02EA681E-C7D8-13C7-8484-4AC65E1B71E8}
		{5E9A8100-86D1-400E-B94F-4F7B7595DD2B} = {02EA681E-C7D8-13C7-8484-4AC65E1B71E8}
		{53458ABB-DAD0-4E38-93B7-FDB5E5EBA5EC} = {8D3DB13A-3925-4582-990F-B0CDDDACDBEA}
		{70871BA7-E674-454C-A566-176C688AE484} = {53458ABB-DAD0-4E38-93B7-FDB5E5EBA5EC}
		{039409C3-5056-468E-AE73-0D7A20BD4FF8} = {8D3DB13A-3925-4582-990F-B0CDDDACDBEA}
		{B24A9D01-FFCF-4962-9409-397F77DB0E74} = {039409C3-5056-468E-AE73-0D7A20BD4FF8}
		{EAC9F41E-56B4-4F16-9F08-2A832B12F4C2} = {8D3DB13A-3925-4582-990F-B0CDDDACDBEA}
		{88C42BAC-F8FE-4F74-8A19-FBFB30485CF0} = {EAC9F41E-56B4-4F16-9F08-2A832B12F4C2}
		{4BE235D9-211B-46C3-9D4F-56B0848ECEC5} = {8D3DB13A-3925-4582-990F-B0CDDDACDBEA}
		{98AE4DA8-4B3C-4CB2-A581-C2A1EFC2DF72} = {4BE235D9-211B-46C3-9D4F-56B0848ECEC5}
		{41D3DB02-F071-E80E-B9CB-37C5F122FF3D} = {3C4B02AA-03F7-48AC-A24C-6DE90B663F2A}
		{EDD0B792-EBC2-4DA5-9856-5E8C8212DC4E} = {8D3DB13A-3925-4582-990F-B0CDDDACDBEA}
		{AD9FA3F6-24DB-4182-ACA2-87B93523A987} = {EDD0B792-EBC2-4DA5-9856-5E8C8212DC4E}
		{C928F5B2-4326-4A28-CD07-4D08747BFF39} = {3C4B02AA-03F7-48AC-A24C-6DE90B663F2A}
		{74908196-F816-E996-BF35-43B6789666FF} = {3C4B02AA-03F7-48AC-A24C-6DE90B663F2A}
		{1184E0D9-165F-4775-AFEF-9675DD0F59B9} = {02EA681E-C7D8-13C7-8484-4AC65E1B71E8}
		{3F30F8CB-7C42-C7EA-6446-CAD8CFC38198} = {3C4B02AA-03F7-48AC-A24C-6DE90B663F2A}
		{B65176B0-AC9B-4517-8561-32A8686BA490} = {4BE235D9-211B-46C3-9D4F-56B0848ECEC5}
	EndGlobalSection
	GlobalSection(ExtensibilityGlobals) = postSolution
		SolutionGuid = {72683C36-8E0C-49E2-AA69-0D580BCF4475}
	EndGlobalSection
EndGlobal
